
Microsoft Visual Studio Solution File, Format Version 12.00
# Visual Studio Version 17
VisualStudioVersion = 17.10.35122.118
MinimumVisualStudioVersion = 10.0.40219.1
Project("{FAE04EC0-301F-11D3-BF4B-00C04F79EFBC}") = "AreaLib", "AreaLib\AreaLib.csproj", "{743B604C-B56D-4164-81C3-0322E014EAD8}"
EndProject
Project("{FAE04EC0-301F-11D3-BF4B-00C04F79EFBC}") = "AreaLib.Tests", "AreaLib.Tests\AreaLib.Tests.csproj", "{29068123-3BA3-4368-B281-DA830F7214BD}"
EndProject
Global
	GlobalSection(SolutionConfigurationPlatforms) = preSolution
		Debug|Any CPU = Debug|Any CPU
		Release|Any CPU = Release|Any CPU
	EndGlobalSection
	GlobalSection(ProjectConfigurationPlatforms) = postSolution
		{743B604C-B56D-4164-81C3-0322E014EAD8}.Debug|Any CPU.ActiveCfg = Debug|Any CPU
		{743B604C-B56D-4164-81C3-0322E014EAD8}.Debug|Any CPU.Build.0 = Debug|Any CPU
		{743B604C-B56D-4164-81C3-0322E014EAD8}.Release|Any CPU.ActiveCfg = Release|Any CPU
		{743B604C-B56D-4164-81C3-0322E014EAD8}.Release|Any CPU.Build.0 = Release|Any CPU
		{29068123-3BA3-4368-B281-DA830F7214BD}.Debug|Any CPU.ActiveCfg = Debug|Any CPU
		{29068123-3BA3-4368-B281-DA830F7214BD}.Debug|Any CPU.Build.0 = Debug|Any CPU
		{29068123-3BA3-4368-B281-DA830F7214BD}.Release|Any CPU.ActiveCfg = Release|Any CPU
		{29068123-3BA3-4368-B281-DA830F7214BD}.Release|Any CPU.Build.0 = Release|Any CPU
	EndGlobalSection
	GlobalSection(SolutionProperties) = preSolution
		HideSolutionNode = FALSE
	EndGlobalSection
	GlobalSection(ExtensibilityGlobals) = postSolution
		SolutionGuid = {2DFB26E4-FE59-49AD-AD4C-4B92EED7220A}
	EndGlobalSection
EndGlobal
